
Microsoft Visual Studio Solution File, Format Version 12.00
# Visual Studio Version 17
VisualStudioVersion = 17.9.34607.119
MinimumVisualStudioVersion = 10.0.40219.1
Project("{FAE04EC0-301F-11D3-BF4B-00C04F79EFBC}") = "Mission11Lush", "Mission11Lush\Mission11Lush.csproj", "{CBFE2E97-E3AA-43D5-B149-D2527AD61BBB}"
EndProject
Global
	GlobalSection(SolutionConfigurationPlatforms) = preSolution
		Debug|Any CPU = Debug|Any CPU
		Release|Any CPU = Release|Any CPU
	EndGlobalSection
	GlobalSection(ProjectConfigurationPlatforms) = postSolution
		{CBFE2E97-E3AA-43D5-B149-D2527AD61BBB}.Debug|Any CPU.ActiveCfg = Debug|Any CPU
		{CBFE2E97-E3AA-43D5-B149-D2527AD61BBB}.Debug|Any CPU.Build.0 = Debug|Any CPU
		{CBFE2E97-E3AA-43D5-B149-D2527AD61BBB}.Release|Any CPU.ActiveCfg = Release|Any CPU
		{CBFE2E97-E3AA-43D5-B149-D2527AD61BBB}.Release|Any CPU.Build.0 = Release|Any CPU
	EndGlobalSection
	GlobalSection(SolutionProperties) = preSolution
		HideSolutionNode = FALSE
	EndGlobalSection
	GlobalSection(ExtensibilityGlobals) = postSolution
		SolutionGuid = {917A3B57-EA78-44EC-A8FB-C0068624B301}
	EndGlobalSection
EndGlobal
